hash: 651151278a7544f676056dc7128c13d9727f00222bd93129ff69d61d057efff2
updated: 2017-11-06T16:16:41.333669896+07:00
imports:
- name: github.com/gorilla/context
  version: 08b5f424b9271eedf6f9f0ce86cb9396ed337a42
- name: github.com/gorilla/mux
  version: 7f08801859139f86dfafd1c296e2cba9a80d292e
testImports: []
